
Microsoft Visual Studio Solution File, Format Version 12.00
# Visual Studio Version 16
VisualStudioVersion = 16.0.28705.295
MinimumVisualStudioVersion = 10.0.40219.1
Project("{2150E333-8FDC-42A3-9474-1A3956D46DE8}") = "src", "src", "{EC0D0513-7D88-42BB-BE66-388B804EC3A7}"
EndProject
Project("{2150E333-8FDC-42A3-9474-1A3956D46DE8}") = "test", "test", "{930EC4F2-6375-4A9A-8E19-D9FC480F6FEF}"
EndProject
Project("{9A19103F-16F7-4668-BE54-9A1E7A4F7556}") = "IntegrationTest", "test\IntegrationTest\IntegrationTest.csproj", "{F13C9D7E-6685-480B-95AE-A47C7A09E14B}"
EndProject
Project("{9A19103F-16F7-4668-BE54-9A1E7A4F7556}") = "DotNetDevOps.ServiceFabric.Hosting", "src\DotNetDevOps.ServiceFabric.Hosting\DotNetDevOps.ServiceFabric.Hosting.csproj", "{55B8077F-17AC-42BC-9CBB-BF499255551C}"
EndProject
Project("{2150E333-8FDC-42A3-9474-1A3956D46DE8}") = "Solution Items", "Solution Items", "{1C1B1CBE-DD9F-4B83-B682-77B6C71724BA}"
	ProjectSection(SolutionItems) = preProject
		README.md = README.md
	EndProjectSection
EndProject
Global
	GlobalSection(SolutionConfigurationPlatforms) = preSolution
		Debug|Any CPU = Debug|Any CPU
		Debug|x64 = Debug|x64
		Release|Any CPU = Release|Any CPU
		Release|x64 = Release|x64
	EndGlobalSection
	GlobalSection(ProjectConfigurationPlatforms) = postSolution
		{F13C9D7E-6685-480B-95AE-A47C7A09E14B}.Debug|Any CPU.ActiveCfg = Debug|Any CPU
		{F13C9D7E-6685-480B-95AE-A47C7A09E14B}.Debug|Any CPU.Build.0 = Debug|Any CPU
		{F13C9D7E-6685-480B-95AE-A47C7A09E14B}.Debug|x64.ActiveCfg = Debug|x64
		{F13C9D7E-6685-480B-95AE-A47C7A09E14B}.Debug|x64.Build.0 = Debug|x64
		{F13C9D7E-6685-480B-95AE-A47C7A09E14B}.Release|Any CPU.ActiveCfg = Release|Any CPU
		{F13C9D7E-6685-480B-95AE-A47C7A09E14B}.Release|Any CPU.Build.0 = Release|Any CPU
		{F13C9D7E-6685-480B-95AE-A47C7A09E14B}.Release|x64.ActiveCfg = Release|x64
		{F13C9D7E-6685-480B-95AE-A47C7A09E14B}.Release|x64.Build.0 = Release|x64
		{55B8077F-17AC-42BC-9CBB-BF499255551C}.Debug|Any CPU.ActiveCfg = Debug|Any CPU
		{55B8077F-17AC-42BC-9CBB-BF499255551C}.Debug|Any CPU.Build.0 = Debug|Any CPU
		{55B8077F-17AC-42BC-9CBB-BF499255551C}.Debug|x64.ActiveCfg = Debug|x64
		{55B8077F-17AC-42BC-9CBB-BF499255551C}.Debug|x64.Build.0 = Debug|x64
		{55B8077F-17AC-42BC-9CBB-BF499255551C}.Release|Any CPU.ActiveCfg = Release|Any CPU
		{55B8077F-17AC-42BC-9CBB-BF499255551C}.Release|Any CPU.Build.0 = Release|Any CPU
		{55B8077F-17AC-42BC-9CBB-BF499255551C}.Release|x64.ActiveCfg = Release|x64
		{55B8077F-17AC-42BC-9CBB-BF499255551C}.Release|x64.Build.0 = Release|x64
	EndGlobalSection
	GlobalSection(SolutionProperties) = preSolution
		HideSolutionNode = FALSE
	EndGlobalSection
	GlobalSection(NestedProjects) = preSolution
		{F13C9D7E-6685-480B-95AE-A47C7A09E14B} = {930EC4F2-6375-4A9A-8E19-D9FC480F6FEF}
		{55B8077F-17AC-42BC-9CBB-BF499255551C} = {EC0D0513-7D88-42BB-BE66-388B804EC3A7}
	EndGlobalSection
	GlobalSection(ExtensibilityGlobals) = postSolution
		SolutionGuid = {9E676E97-EB08-4F26-A8FC-11B430799992}
	EndGlobalSection
EndGlobal
